
Microsoft Visual Studio Solution File, Format Version 12.00
# Visual Studio Version 16
VisualStudioVersion = 16.0.30406.217
MinimumVisualStudioVersion = 10.0.40219.1
Project("{FAE04EC0-301F-11D3-BF4B-00C04F79EFBC}") = "SampleGovernedActivities", "src\SampleGovernedActivities.csproj", "{C17A1A51-4012-498B-8480-3D3ADD02F1CE}"
EndProject
Project("{2150E333-8FDC-42A3-9474-1A3956D46DE8}") = "src", "src", "{36B9F582-9EC5-4FD3-8B0B-AD0EB18C6D73}"
EndProject
Project("{2150E333-8FDC-42A3-9474-1A3956D46DE8}") = "test", "test", "{8135015A-CF2F-4892-ABCB-749E35F0748F}"
EndProject
Project("{FAE04EC0-301F-11D3-BF4B-00C04F79EFBC}") = "SampleGovernedActivities.Tests", "test\SampleGovernedActivities.Tests\SampleGovernedActivities.Tests.csproj", "{F262BC79-B67D-4AB8-863C-DA25CDA5D0CD}"
EndProject
Global
	GlobalSection(SolutionConfigurationPlatforms) = preSolution
		Debug|Any CPU = Debug|Any CPU
		Release|Any CPU = Release|Any CPU
	EndGlobalSection
	GlobalSection(ProjectConfigurationPlatforms) = postSolution
		{C17A1A51-4012-498B-8480-3D3ADD02F1CE}.Debug|Any CPU.ActiveCfg = Debug|Any CPU
		{C17A1A51-4012-498B-8480-3D3ADD02F1CE}.Debug|Any CPU.Build.0 = Debug|Any CPU
		{C17A1A51-4012-498B-8480-3D3ADD02F1CE}.Release|Any CPU.ActiveCfg = Release|Any CPU
		{C17A1A51-4012-498B-8480-3D3ADD02F1CE}.Release|Any CPU.Build.0 = Release|Any CPU
		{F262BC79-B67D-4AB8-863C-DA25CDA5D0CD}.Debug|Any CPU.ActiveCfg = Debug|Any CPU
		{F262BC79-B67D-4AB8-863C-DA25CDA5D0CD}.Debug|Any CPU.Build.0 = Debug|Any CPU
		{F262BC79-B67D-4AB8-863C-DA25CDA5D0CD}.Release|Any CPU.ActiveCfg = Release|Any CPU
		{F262BC79-B67D-4AB8-863C-DA25CDA5D0CD}.Release|Any CPU.Build.0 = Release|Any CPU
	EndGlobalSection
	GlobalSection(SolutionProperties) = preSolution
		HideSolutionNode = FALSE
	EndGlobalSection
	GlobalSection(NestedProjects) = preSolution
		{C17A1A51-4012-498B-8480-3D3ADD02F1CE} = {36B9F582-9EC5-4FD3-8B0B-AD0EB18C6D73}
		{F262BC79-B67D-4AB8-863C-DA25CDA5D0CD} = {8135015A-CF2F-4892-ABCB-749E35F0748F}
	EndGlobalSection
	GlobalSection(ExtensibilityGlobals) = postSolution
		SolutionGuid = {F35E45E2-36F9-4781-B69B-1D3EB883EA15}
	EndGlobalSection
EndGlobal
